
Microsoft Visual Studio Solution File, Format Version 12.00
# Visual Studio Version 16
VisualStudioVersion = 25.0.1700.7
MinimumVisualStudioVersion = 10.0.40219.1
Project("{FAE04EC0-301F-11D3-BF4B-00C04F79EFBC}") = "CareerCloud.Pocos", "CareerCloud.Pocos\CareerCloud.Pocos.csproj", "{EC6CC6F0-28DE-4772-A5F7-EAAFA83B7D77}"
EndProject
Project("{FAE04EC0-301F-11D3-BF4B-00C04F79EFBC}") = "CareerCloudCore.UnitTests.Assignment1", "CareerCloudCore.UnitTests.Assignment1\CareerCloudCore.UnitTests.Assignment1\CareerCloudCore.UnitTests.Assignment1.csproj", "{FC26F951-B0E5-472D-AA7A-182F5DAF182E}"
EndProject
Project("{FAE04EC0-301F-11D3-BF4B-00C04F79EFBC}") = "CareerCloud.DataAccessLayer", "CareerCloud.DataAccessLayer\CareerCloud.DataAccessLayer.csproj", "{7AC6F200-E496-4E2C-9265-8A177613ECE7}"
EndProject
Project("{FAE04EC0-301F-11D3-BF4B-00C04F79EFBC}") = "CareerCloud.ADODataAccessLayer", "CareerCloud.ADODataAccessLayer\CareerCloud.ADODataAccessLayer.csproj", "{355F31D9-099F-4D52-BF95-27664581391F}"
EndProject
Project("{FAE04EC0-301F-11D3-BF4B-00C04F79EFBC}") = "CareerCloudCore.UnitTests.Assignment2", "CareerCloudCore.UnitTests.Assignment2\CareerCloudCore.UnitTests.Assignment2.csproj", "{91B44557-7F8A-4296-B3A6-5CBC3F76CDE3}"
EndProject
Global
	GlobalSection(SolutionConfigurationPlatforms) = preSolution
		Debug|Any CPU = Debug|Any CPU
		Release|Any CPU = Release|Any CPU
	EndGlobalSection
	GlobalSection(ProjectConfigurationPlatforms) = postSolution
		{EC6CC6F0-28DE-4772-A5F7-EAAFA83B7D77}.Debug|Any CPU.ActiveCfg = Debug|Any CPU
		{EC6CC6F0-28DE-4772-A5F7-EAAFA83B7D77}.Debug|Any CPU.Build.0 = Debug|Any CPU
		{EC6CC6F0-28DE-4772-A5F7-EAAFA83B7D77}.Release|Any CPU.ActiveCfg = Release|Any CPU
		{EC6CC6F0-28DE-4772-A5F7-EAAFA83B7D77}.Release|Any CPU.Build.0 = Release|Any CPU
		{FC26F951-B0E5-472D-AA7A-182F5DAF182E}.Debug|Any CPU.ActiveCfg = Debug|Any CPU
		{FC26F951-B0E5-472D-AA7A-182F5DAF182E}.Debug|Any CPU.Build.0 = Debug|Any CPU
		{FC26F951-B0E5-472D-AA7A-182F5DAF182E}.Release|Any CPU.ActiveCfg = Release|Any CPU
		{FC26F951-B0E5-472D-AA7A-182F5DAF182E}.Release|Any CPU.Build.0 = Release|Any CPU
		{7AC6F200-E496-4E2C-9265-8A177613ECE7}.Debug|Any CPU.ActiveCfg = Debug|Any CPU
		{7AC6F200-E496-4E2C-9265-8A177613ECE7}.Debug|Any CPU.Build.0 = Debug|Any CPU
		{7AC6F200-E496-4E2C-9265-8A177613ECE7}.Release|Any CPU.ActiveCfg = Release|Any CPU
		{7AC6F200-E496-4E2C-9265-8A177613ECE7}.Release|Any CPU.Build.0 = Release|Any CPU
		{355F31D9-099F-4D52-BF95-27664581391F}.Debug|Any CPU.ActiveCfg = Debug|Any CPU
		{355F31D9-099F-4D52-BF95-27664581391F}.Debug|Any CPU.Build.0 = Debug|Any CPU
		{355F31D9-099F-4D52-BF95-27664581391F}.Release|Any CPU.ActiveCfg = Release|Any CPU
		{355F31D9-099F-4D52-BF95-27664581391F}.Release|Any CPU.Build.0 = Release|Any CPU
		{91B44557-7F8A-4296-B3A6-5CBC3F76CDE3}.Debug|Any CPU.ActiveCfg = Debug|Any CPU
		{91B44557-7F8A-4296-B3A6-5CBC3F76CDE3}.Debug|Any CPU.Build.0 = Debug|Any CPU
		{91B44557-7F8A-4296-B3A6-5CBC3F76CDE3}.Release|Any CPU.ActiveCfg = Release|Any CPU
		{91B44557-7F8A-4296-B3A6-5CBC3F76CDE3}.Release|Any CPU.Build.0 = Release|Any CPU
	EndGlobalSection
	GlobalSection(SolutionProperties) = preSolution
		HideSolutionNode = FALSE
	EndGlobalSection
	GlobalSection(ExtensibilityGlobals) = postSolution
		SolutionGuid = {363EC438-C637-49F7-8C74-63D28C49937C}
	EndGlobalSection
EndGlobal
